
Microsoft Visual Studio Solution File, Format Version 12.00
# Visual Studio Version 16
VisualStudioVersion = 16.0.29009.5
MinimumVisualStudioVersion = 10.0.40219.1
Project("{9A19103F-16F7-4668-BE54-9A1E7A4F7556}") = "VOD.UI", "VOD.UI\VOD.UI.csproj", "{B607D782-12DC-454C-AED0-5C0870757461}"
EndProject
Project("{9A19103F-16F7-4668-BE54-9A1E7A4F7556}") = "VOD.Domain", "VOD.Domain\VOD.Domain.csproj", "{C16BFBA4-0313-48EA-8BE7-5917BEAF3736}"
EndProject
Project("{9A19103F-16F7-4668-BE54-9A1E7A4F7556}") = "VOD.Database", "VOD.Database\VOD.Database.csproj", "{D21CA817-ABCC-4D1B-B9AA-16C3FFD3636D}"
EndProject
Project("{9A19103F-16F7-4668-BE54-9A1E7A4F7556}") = "VOD.Common", "VOD.Common\VOD.Common.csproj", "{D6191192-8119-4505-B889-4F10EE0CAA95}"
EndProject
Project("{2150E333-8FDC-42A3-9474-1A3956D46DE8}") = "Tests", "Tests", "{0B692E11-6E4F-40EB-B39A-01BE52BB0D2B}"
EndProject
Project("{9A19103F-16F7-4668-BE54-9A1E7A4F7556}") = "VOD.DbServicesTests", "Tests\VOD.DbServicesTests\VOD.DbServicesTests.csproj", "{F3D498F2-93FE-4C46-8867-2B26145197D0}"
EndProject
Project("{9A19103F-16F7-4668-BE54-9A1E7A4F7556}") = "VOD.Admin", "VOD.Admin\VOD.Admin.csproj", "{72298A38-605D-4CE0-A788-64818D704D11}"
EndProject
Project("{2150E333-8FDC-42A3-9474-1A3956D46DE8}") = "Solution Items", "Solution Items", "{B7000E28-2319-45D2-AD7A-01730F57F674}"
	ProjectSection(SolutionItems) = preProject
		Readme.md = Readme.md
	EndProjectSection
EndProject
Project("{9A19103F-16F7-4668-BE54-9A1E7A4F7556}") = "VOD.API", "VOD.API\VOD.API.csproj", "{2F94D4E8-7207-428C-A91E-10B193A2C6C8}"
EndProject
Project("{9A19103F-16F7-4668-BE54-9A1E7A4F7556}") = "VOD.Domain.Interfaces", "VOD.Domain.Interfaces\VOD.Domain.Interfaces.csproj", "{F5D455AD-4A3C-47C2-BA00-0F7066EF53D3}"
EndProject
Project("{9A19103F-16F7-4668-BE54-9A1E7A4F7556}") = "VOD.Domain.Services", "VOD.Domain.Services\VOD.Domain.Services.csproj", "{4D3C2795-7FF7-42DA-887B-7D2012E1D0BB}"
EndProject
Project("{9A19103F-16F7-4668-BE54-9A1E7A4F7556}") = "GrpcGreeter", "GrpcGreeter\GrpcGreeter.csproj", "{C4FDE162-42F7-4148-8D53-3A58ACA31AF8}"
EndProject
Project("{9A19103F-16F7-4668-BE54-9A1E7A4F7556}") = "GrpcGreeterClient", "GrpcGreeterClient\GrpcGreeterClient.csproj", "{5C9489D3-05D6-42F2-8912-804E7DBB1AAE}"
EndProject
Project("{9A19103F-16F7-4668-BE54-9A1E7A4F7556}") = "GrpcProtoLib", "GrpcProtoLib\GrpcProtoLib.csproj", "{D4224C71-4940-4BE3-BC97-571087CA5C63}"
EndProject
Project("{9A19103F-16F7-4668-BE54-9A1E7A4F7556}") = "VOD.Grpc.Common", "VOD.Grpc.Common\VOD.Grpc.Common.csproj", "{8D1C16B7-070E-4F6A-8894-95C4B3042805}"
EndProject
Global
	GlobalSection(SolutionConfigurationPlatforms) = preSolution
		Debug|Any CPU = Debug|Any CPU
		Release|Any CPU = Release|Any CPU
	EndGlobalSection
	GlobalSection(ProjectConfigurationPlatforms) = postSolution
		{B607D782-12DC-454C-AED0-5C0870757461}.Debug|Any CPU.ActiveCfg = Debug|Any CPU
		{B607D782-12DC-454C-AED0-5C0870757461}.Debug|Any CPU.Build.0 = Debug|Any CPU
		{B607D782-12DC-454C-AED0-5C0870757461}.Release|Any CPU.ActiveCfg = Release|Any CPU
		{B607D782-12DC-454C-AED0-5C0870757461}.Release|Any CPU.Build.0 = Release|Any CPU
		{C16BFBA4-0313-48EA-8BE7-5917BEAF3736}.Debug|Any CPU.ActiveCfg = Debug|Any CPU
		{C16BFBA4-0313-48EA-8BE7-5917BEAF3736}.Debug|Any CPU.Build.0 = Debug|Any CPU
		{C16BFBA4-0313-48EA-8BE7-5917BEAF3736}.Release|Any CPU.ActiveCfg = Release|Any CPU
		{C16BFBA4-0313-48EA-8BE7-5917BEAF3736}.Release|Any CPU.Build.0 = Release|Any CPU
		{D21CA817-ABCC-4D1B-B9AA-16C3FFD3636D}.Debug|Any CPU.ActiveCfg = Debug|Any CPU
		{D21CA817-ABCC-4D1B-B9AA-16C3FFD3636D}.Debug|Any CPU.Build.0 = Debug|Any CPU
		{D21CA817-ABCC-4D1B-B9AA-16C3FFD3636D}.Release|Any CPU.ActiveCfg = Release|Any CPU
		{D21CA817-ABCC-4D1B-B9AA-16C3FFD3636D}.Release|Any CPU.Build.0 = Release|Any CPU
		{D6191192-8119-4505-B889-4F10EE0CAA95}.Debug|Any CPU.ActiveCfg = Debug|Any CPU
		{D6191192-8119-4505-B889-4F10EE0CAA95}.Debug|Any CPU.Build.0 = Debug|Any CPU
		{D6191192-8119-4505-B889-4F10EE0CAA95}.Release|Any CPU.ActiveCfg = Release|Any CPU
		{D6191192-8119-4505-B889-4F10EE0CAA95}.Release|Any CPU.Build.0 = Release|Any CPU
		{F3D498F2-93FE-4C46-8867-2B26145197D0}.Debug|Any CPU.ActiveCfg = Debug|Any CPU
		{F3D498F2-93FE-4C46-8867-2B26145197D0}.Debug|Any CPU.Build.0 = Debug|Any CPU
		{F3D498F2-93FE-4C46-8867-2B26145197D0}.Release|Any CPU.ActiveCfg = Release|Any CPU
		{F3D498F2-93FE-4C46-8867-2B26145197D0}.Release|Any CPU.Build.0 = Release|Any CPU
		{72298A38-605D-4CE0-A788-64818D704D11}.Debug|Any CPU.ActiveCfg = Debug|Any CPU
		{72298A38-605D-4CE0-A788-64818D704D11}.Debug|Any CPU.Build.0 = Debug|Any CPU
		{72298A38-605D-4CE0-A788-64818D704D11}.Release|Any CPU.ActiveCfg = Release|Any CPU
		{72298A38-605D-4CE0-A788-64818D704D11}.Release|Any CPU.Build.0 = Release|Any CPU
		{2F94D4E8-7207-428C-A91E-10B193A2C6C8}.Debug|Any CPU.ActiveCfg = Debug|Any CPU
		{2F94D4E8-7207-428C-A91E-10B193A2C6C8}.Debug|Any CPU.Build.0 = Debug|Any CPU
		{2F94D4E8-7207-428C-A91E-10B193A2C6C8}.Release|Any CPU.ActiveCfg = Release|Any CPU
		{2F94D4E8-7207-428C-A91E-10B193A2C6C8}.Release|Any CPU.Build.0 = Release|Any CPU
		{F5D455AD-4A3C-47C2-BA00-0F7066EF53D3}.Debug|Any CPU.ActiveCfg = Debug|Any CPU
		{F5D455AD-4A3C-47C2-BA00-0F7066EF53D3}.Debug|Any CPU.Build.0 = Debug|Any CPU
		{F5D455AD-4A3C-47C2-BA00-0F7066EF53D3}.Release|Any CPU.ActiveCfg = Release|Any CPU
		{F5D455AD-4A3C-47C2-BA00-0F7066EF53D3}.Release|Any CPU.Build.0 = Release|Any CPU
		{4D3C2795-7FF7-42DA-887B-7D2012E1D0BB}.Debug|Any CPU.ActiveCfg = Debug|Any CPU
		{4D3C2795-7FF7-42DA-887B-7D2012E1D0BB}.Debug|Any CPU.Build.0 = Debug|Any CPU
		{4D3C2795-7FF7-42DA-887B-7D2012E1D0BB}.Release|Any CPU.ActiveCfg = Release|Any CPU
		{4D3C2795-7FF7-42DA-887B-7D2012E1D0BB}.Release|Any CPU.Build.0 = Release|Any CPU
		{C4FDE162-42F7-4148-8D53-3A58ACA31AF8}.Debug|Any CPU.ActiveCfg = Debug|Any CPU
		{C4FDE162-42F7-4148-8D53-3A58ACA31AF8}.Debug|Any CPU.Build.0 = Debug|Any CPU
		{C4FDE162-42F7-4148-8D53-3A58ACA31AF8}.Release|Any CPU.ActiveCfg = Release|Any CPU
		{C4FDE162-42F7-4148-8D53-3A58ACA31AF8}.Release|Any CPU.Build.0 = Release|Any CPU
		{5C9489D3-05D6-42F2-8912-804E7DBB1AAE}.Debug|Any CPU.ActiveCfg = Debug|Any CPU
		{5C9489D3-05D6-42F2-8912-804E7DBB1AAE}.Debug|Any CPU.Build.0 = Debug|Any CPU
		{5C9489D3-05D6-42F2-8912-804E7DBB1AAE}.Release|Any CPU.ActiveCfg = Release|Any CPU
		{5C9489D3-05D6-42F2-8912-804E7DBB1AAE}.Release|Any CPU.Build.0 = Release|Any CPU
		{D4224C71-4940-4BE3-BC97-571087CA5C63}.Debug|Any CPU.ActiveCfg = Debug|Any CPU
		{D4224C71-4940-4BE3-BC97-571087CA5C63}.Debug|Any CPU.Build.0 = Debug|Any CPU
		{D4224C71-4940-4BE3-BC97-571087CA5C63}.Release|Any CPU.ActiveCfg = Release|Any CPU
		{D4224C71-4940-4BE3-BC97-571087CA5C63}.Release|Any CPU.Build.0 = Release|Any CPU
		{8D1C16B7-070E-4F6A-8894-95C4B3042805}.Debug|Any CPU.ActiveCfg = Debug|Any CPU
		{8D1C16B7-070E-4F6A-8894-95C4B3042805}.Debug|Any CPU.Build.0 = Debug|Any CPU
		{8D1C16B7-070E-4F6A-8894-95C4B3042805}.Release|Any CPU.ActiveCfg = Release|Any CPU
		{8D1C16B7-070E-4F6A-8894-95C4B3042805}.Release|Any CPU.Build.0 = Release|Any CPU
	EndGlobalSection
	GlobalSection(SolutionProperties) = preSolution
		HideSolutionNode = FALSE
	EndGlobalSection
	GlobalSection(NestedProjects) = preSolution
		{F3D498F2-93FE-4C46-8867-2B26145197D0} = {0B692E11-6E4F-40EB-B39A-01BE52BB0D2B}
	EndGlobalSection
	GlobalSection(ExtensibilityGlobals) = postSolution
		SolutionGuid = {59A22FD8-B51D-425E-ADEB-7A96D77A976C}
	EndGlobalSection
EndGlobal
