
Microsoft Visual Studio Solution File, Format Version 12.00
# Visual Studio Version 16
VisualStudioVersion = 16.0.29009.5
MinimumVisualStudioVersion = 10.0.40219.1
Project("{9A19103F-16F7-4668-BE54-9A1E7A4F7556}") = "VOD.UI", "VOD.UI\VOD.UI.csproj", "{B607D782-12DC-454C-AED0-5C0870757461}"
EndProject
Project("{9A19103F-16F7-4668-BE54-9A1E7A4F7556}") = "VOD.Domain", "VOD.Domain\VOD.Domain.csproj", "{C16BFBA4-0313-48EA-8BE7-5917BEAF3736}"
EndProject
Project("{9A19103F-16F7-4668-BE54-9A1E7A4F7556}") = "VOD.Database", "VOD.Database\VOD.Database.csproj", "{D21CA817-ABCC-4D1B-B9AA-16C3FFD3636D}"
EndProject
Project("{9A19103F-16F7-4668-BE54-9A1E7A4F7556}") = "VOD.Common", "VOD.Common\VOD.Common.csproj", "{D6191192-8119-4505-B889-4F10EE0CAA95}"
EndProject
Project("{2150E333-8FDC-42A3-9474-1A3956D46DE8}") = "Tests", "Tests", "{0B692E11-6E4F-40EB-B39A-01BE52BB0D2B}"
EndProject
Project("{9A19103F-16F7-4668-BE54-9A1E7A4F7556}") = "VOD.DbServicesTests", "Tests\VOD.DbServicesTests\VOD.DbServicesTests.csproj", "{F3D498F2-93FE-4C46-8867-2B26145197D0}"
EndProject
Project("{9A19103F-16F7-4668-BE54-9A1E7A4F7556}") = "VOD.Admin", "VOD.Admin\VOD.Admin.csproj", "{72298A38-605D-4CE0-A788-64818D704D11}"
EndProject
Project("{2150E333-8FDC-42A3-9474-1A3956D46DE8}") = "Solution Items", "Solution Items", "{B7000E28-2319-45D2-AD7A-01730F57F674}"
	ProjectSection(SolutionItems) = preProject
		Readme.md = Readme.md
	EndProjectSection
EndProject
Project("{9A19103F-16F7-4668-BE54-9A1E7A4F7556}") = "VOD.API", "VOD.API\VOD.API.csproj", "{2F94D4E8-7207-428C-A91E-10B193A2C6C8}"
EndProject
Global
	GlobalSection(SolutionConfigurationPlatforms) = preSolution
		Debug|Any CPU = Debug|Any CPU
		Release|Any CPU = Release|Any CPU
	EndGlobalSection
	GlobalSection(ProjectConfigurationPlatforms) = postSolution
		{B607D782-12DC-454C-AED0-5C0870757461}.Debug|Any CPU.ActiveCfg = Debug|Any CPU
		{B607D782-12DC-454C-AED0-5C0870757461}.Debug|Any CPU.Build.0 = Debug|Any CPU
		{B607D782-12DC-454C-AED0-5C0870757461}.Release|Any CPU.ActiveCfg = Release|Any CPU
		{B607D782-12DC-454C-AED0-5C0870757461}.Release|Any CPU.Build.0 = Release|Any CPU
		{C16BFBA4-0313-48EA-8BE7-5917BEAF3736}.Debug|Any CPU.ActiveCfg = Debug|Any CPU
		{C16BFBA4-0313-48EA-8BE7-5917BEAF3736}.Debug|Any CPU.Build.0 = Debug|Any CPU
		{C16BFBA4-0313-48EA-8BE7-5917BEAF3736}.Release|Any CPU.ActiveCfg = Release|Any CPU
		{C16BFBA4-0313-48EA-8BE7-5917BEAF3736}.Release|Any CPU.Build.0 = Release|Any CPU
		{D21CA817-ABCC-4D1B-B9AA-16C3FFD3636D}.Debug|Any CPU.ActiveCfg = Debug|Any CPU
		{D21CA817-ABCC-4D1B-B9AA-16C3FFD3636D}.Debug|Any CPU.Build.0 = Debug|Any CPU
		{D21CA817-ABCC-4D1B-B9AA-16C3FFD3636D}.Release|Any CPU.ActiveCfg = Release|Any CPU
		{D21CA817-ABCC-4D1B-B9AA-16C3FFD3636D}.Release|Any CPU.Build.0 = Release|Any CPU
		{D6191192-8119-4505-B889-4F10EE0CAA95}.Debug|Any CPU.ActiveCfg = Debug|Any CPU
		{D6191192-8119-4505-B889-4F10EE0CAA95}.Debug|Any CPU.Build.0 = Debug|Any CPU
		{D6191192-8119-4505-B889-4F10EE0CAA95}.Release|Any CPU.ActiveCfg = Release|Any CPU
		{D6191192-8119-4505-B889-4F10EE0CAA95}.Release|Any CPU.Build.0 = Release|Any CPU
		{F3D498F2-93FE-4C46-8867-2B26145197D0}.Debug|Any CPU.ActiveCfg = Debug|Any CPU
		{F3D498F2-93FE-4C46-8867-2B26145197D0}.Debug|Any CPU.Build.0 = Debug|Any CPU
		{F3D498F2-93FE-4C46-8867-2B26145197D0}.Release|Any CPU.ActiveCfg = Release|Any CPU
		{F3D498F2-93FE-4C46-8867-2B26145197D0}.Release|Any CPU.Build.0 = Release|Any CPU
		{72298A38-605D-4CE0-A788-64818D704D11}.Debug|Any CPU.ActiveCfg = Debug|Any CPU
		{72298A38-605D-4CE0-A788-64818D704D11}.Debug|Any CPU.Build.0 = Debug|Any CPU
		{72298A38-605D-4CE0-A788-64818D704D11}.Release|Any CPU.ActiveCfg = Release|Any CPU
		{72298A38-605D-4CE0-A788-64818D704D11}.Release|Any CPU.Build.0 = Release|Any CPU
		{2F94D4E8-7207-428C-A91E-10B193A2C6C8}.Debug|Any CPU.ActiveCfg = Debug|Any CPU
		{2F94D4E8-7207-428C-A91E-10B193A2C6C8}.Debug|Any CPU.Build.0 = Debug|Any CPU
		{2F94D4E8-7207-428C-A91E-10B193A2C6C8}.Release|Any CPU.ActiveCfg = Release|Any CPU
		{2F94D4E8-7207-428C-A91E-10B193A2C6C8}.Release|Any CPU.Build.0 = Release|Any CPU
	EndGlobalSection
	GlobalSection(SolutionProperties) = preSolution
		HideSolutionNode = FALSE
	EndGlobalSection
	GlobalSection(NestedProjects) = preSolution
		{F3D498F2-93FE-4C46-8867-2B26145197D0} = {0B692E11-6E4F-40EB-B39A-01BE52BB0D2B}
	EndGlobalSection
	GlobalSection(ExtensibilityGlobals) = postSolution
		SolutionGuid = {59A22FD8-B51D-425E-ADEB-7A96D77A976C}
	EndGlobalSection
EndGlobal
